PODS:
  - Flutter (1.0.0)
  - radio_player (0.0.1):
    - Flutter

DEPENDENCIES:
  - Flutter (from `Flutter`)
  - radio_player (from `.symlinks/plugins/radio_player/ios`)

EXTERNAL SOURCES:
  Flutter:
    :path: Flutter
  radio_player:
    :path: ".symlinks/plugins/radio_player/ios"

SPEC CHECKSUMS:
  Flutter: e0871f40cf51350855a761d2e70bf5af5b9b5de7
  radio_player: d226a6f9e3c1a638efa1527013419ae9f7fd3ead

PODFILE CHECKSUM: 3ba3a73b1b12adcf321a227a745625fe0888cc82

COCOAPODS: 1.16.2
